
Microsoft Visual Studio Solution File, Format Version 12.00
# Visual Studio Version 16
VisualStudioVersion = 16.0.32901.82
MinimumVisualStudioVersion = 10.0.40219.1
Project("{9A19103F-16F7-4668-BE54-9A1E7A4F7556}") = "RETCON-Core", "RETCON-Core\RETCON-Core.csproj", "{5FE66942-079B-41A6-83C6-000F31BE7FEF}"
EndProject
Project("{2150E333-8FDC-42A3-9474-1A3956D46DE8}") = "Apps", "Apps", "{DF4E879E-BBC9-4FD9-89F9-F89E9620D0CC}"
EndProject
Project("{FAE04EC0-301F-11D3-BF4B-00C04F79EFBC}") = "RETCON-Testing", "Apps\RETCON-Testing\RETCON-Testing.csproj", "{DB4A8EA1-AE92-4790-8DE9-E1FECFB3BF34}"
EndProject
Global
	GlobalSection(SolutionConfigurationPlatforms) = preSolution
		Debug|Any CPU = Debug|Any CPU
		Release|Any CPU = Release|Any CPU
	EndGlobalSection
	GlobalSection(ProjectConfigurationPlatforms) = postSolution
		{5FE66942-079B-41A6-83C6-000F31BE7FEF}.Debug|Any CPU.ActiveCfg = Debug|Any CPU
		{5FE66942-079B-41A6-83C6-000F31BE7FEF}.Debug|Any CPU.Build.0 = Debug|Any CPU
		{5FE66942-079B-41A6-83C6-000F31BE7FEF}.Release|Any CPU.ActiveCfg = Release|Any CPU
		{5FE66942-079B-41A6-83C6-000F31BE7FEF}.Release|Any CPU.Build.0 = Release|Any CPU
		{DB4A8EA1-AE92-4790-8DE9-E1FECFB3BF34}.Debug|Any CPU.ActiveCfg = Debug|Any CPU
		{DB4A8EA1-AE92-4790-8DE9-E1FECFB3BF34}.Debug|Any CPU.Build.0 = Debug|Any CPU
		{DB4A8EA1-AE92-4790-8DE9-E1FECFB3BF34}.Release|Any CPU.ActiveCfg = Release|Any CPU
		{DB4A8EA1-AE92-4790-8DE9-E1FECFB3BF34}.Release|Any CPU.Build.0 = Release|Any CPU
	EndGlobalSection
	GlobalSection(SolutionProperties) = preSolution
		HideSolutionNode = FALSE
	EndGlobalSection
	GlobalSection(NestedProjects) = preSolution
		{DB4A8EA1-AE92-4790-8DE9-E1FECFB3BF34} = {DF4E879E-BBC9-4FD9-89F9-F89E9620D0CC}
	EndGlobalSection
	GlobalSection(ExtensibilityGlobals) = postSolution
		SolutionGuid = {B84BAD6F-C8AB-4FBB-A538-8AC45068FAB1}
	EndGlobalSection
EndGlobal
